github.com/mitchellh/mapstructure v1.5.0 h1:jeMsZIYE/09sWLaz43PL7Gy6RuMjD2eJVyuac5Z2hdY=
github.com/mitchellh/mapstructure v1.5.0/go.mod h1:bFUtVrKA4DC2yAKiSyO/QUcy7e+RRV2QTWOzhPopBRo=
github.com/semichkin-gopkg/conf v0.0.3 h1:Krrhc8B/GXhniLjYoazrz7KwR5/zLxhYqu+SfkezRF8=
github.com/semichkin-gopkg/conf v0.0.3/go.mod h1:hcOYG4uFFkyVdK429d+vJjN8Hd8AWYWKBKTAcYL1H3E=
